
Microsoft Visual Studio Solution File, Format Version 12.00
# Visual Studio Version 17
VisualStudioVersion = 17.12.35527.113
MinimumVisualStudioVersion = 10.0.40219.1
Project("{8BC9CEB8-8B4A-11D0-8D11-00A0C91BC942}") = "1, BubbleSort", "1, BubbleSort\1, BubbleSort.vcxproj", "{E72F1DAA-8018-45F2-8633-E8D7377E4613}"
EndProject
Project("{8BC9CEB8-8B4A-11D0-8D11-00A0C91BC942}") = "2. SelctionSort", "2. SelctionSort\2. SelctionSort.vcxproj", "{D3188C98-4402-4C41-A297-796F67469877}"
EndProject
Project("{8BC9CEB8-8B4A-11D0-8D11-00A0C91BC942}") = "3. InsertionSort", "3. InsertionSort\3. InsertionSort.vcxproj", "{BB5C1E5F-B440-43CC-9400-3E3FE914D383}"
EndProject
Project("{8BC9CEB8-8B4A-11D0-8D11-00A0C91BC942}") = "4. QuickSort", "4. QuickSort\4. QuickSort.vcxproj", "{4774CEAE-18DB-4885-A442-1C2F46D87D80}"
EndProject
Project("{8BC9CEB8-8B4A-11D0-8D11-00A0C91BC942}") = "5. MergeSort", "5. MuergeSort\5. MuergeSort.vcxproj", "{569549AA-C4DD-4302-8CD2-312B2C8B081A}"
EndProject
Project("{8BC9CEB8-8B4A-11D0-8D11-00A0C91BC942}") = "6. HeapSort", "6. HeapSort\6. HeapSort.vcxproj", "{8059CCE8-B48F-4F36-A077-813F017CAF79}"
EndProject
Global
	GlobalSection(SolutionConfigurationPlatforms) = preSolution
		Debug|x64 = Debug|x64
		Debug|x86 = Debug|x86
		Release|x64 = Release|x64
		Release|x86 = Release|x86
	EndGlobalSection
	GlobalSection(ProjectConfigurationPlatforms) = postSolution
		{E72F1DAA-8018-45F2-8633-E8D7377E4613}.Debug|x64.ActiveCfg = Debug|x64
		{E72F1DAA-8018-45F2-8633-E8D7377E4613}.Debug|x64.Build.0 = Debug|x64
		{E72F1DAA-8018-45F2-8633-E8D7377E4613}.Debug|x86.ActiveCfg = Debug|Win32
		{E72F1DAA-8018-45F2-8633-E8D7377E4613}.Debug|x86.Build.0 = Debug|Win32
		{E72F1DAA-8018-45F2-8633-E8D7377E4613}.Release|x64.ActiveCfg = Release|x64
		{E72F1DAA-8018-45F2-8633-E8D7377E4613}.Release|x64.Build.0 = Release|x64
		{E72F1DAA-8018-45F2-8633-E8D7377E4613}.Release|x86.ActiveCfg = Release|Win32
		{E72F1DAA-8018-45F2-8633-E8D7377E4613}.Release|x86.Build.0 = Release|Win32
		{D3188C98-4402-4C41-A297-796F67469877}.Debug|x64.ActiveCfg = Debug|x64
		{D3188C98-4402-4C41-A297-796F67469877}.Debug|x64.Build.0 = Debug|x64
		{D3188C98-4402-4C41-A297-796F67469877}.Debug|x86.ActiveCfg = Debug|Win32
		{D3188C98-4402-4C41-A297-796F67469877}.Debug|x86.Build.0 = Debug|Win32
		{D3188C98-4402-4C41-A297-796F67469877}.Release|x64.ActiveCfg = Release|x64
		{D3188C98-4402-4C41-A297-796F67469877}.Release|x64.Build.0 = Release|x64
		{D3188C98-4402-4C41-A297-796F67469877}.Release|x86.ActiveCfg = Release|Win32
		{D3188C98-4402-4C41-A297-796F67469877}.Release|x86.Build.0 = Release|Win32
		{BB5C1E5F-B440-43CC-9400-3E3FE914D383}.Debug|x64.ActiveCfg = Debug|x64
		{BB5C1E5F-B440-43CC-9400-3E3FE914D383}.Debug|x64.Build.0 = Debug|x64
		{BB5C1E5F-B440-43CC-9400-3E3FE914D383}.Debug|x86.ActiveCfg = Debug|Win32
		{BB5C1E5F-B440-43CC-9400-3E3FE914D383}.Debug|x86.Build.0 = Debug|Win32
		{BB5C1E5F-B440-43CC-9400-3E3FE914D383}.Release|x64.ActiveCfg = Release|x64
		{BB5C1E5F-B440-43CC-9400-3E3FE914D383}.Release|x64.Build.0 = Release|x64
		{BB5C1E5F-B440-43CC-9400-3E3FE914D383}.Release|x86.ActiveCfg = Release|Win32
		{BB5C1E5F-B440-43CC-9400-3E3FE914D383}.Release|x86.Build.0 = Release|Win32
		{4774CEAE-18DB-4885-A442-1C2F46D87D80}.Debug|x64.ActiveCfg = Debug|x64
		{4774CEAE-18DB-4885-A442-1C2F46D87D80}.Debug|x64.Build.0 = Debug|x64
		{4774CEAE-18DB-4885-A442-1C2F46D87D80}.Debug|x86.ActiveCfg = Debug|Win32
		{4774CEAE-18DB-4885-A442-1C2F46D87D80}.Debug|x86.Build.0 = Debug|Win32
		{4774CEAE-18DB-4885-A442-1C2F46D87D80}.Release|x64.ActiveCfg = Release|x64
		{4774CEAE-18DB-4885-A442-1C2F46D87D80}.Release|x64.Build.0 = Release|x64
		{4774CEAE-18DB-4885-A442-1C2F46D87D80}.Release|x86.ActiveCfg = Release|Win32
		{4774CEAE-18DB-4885-A442-1C2F46D87D80}.Release|x86.Build.0 = Release|Win32
		{569549AA-C4DD-4302-8CD2-312B2C8B081A}.Debug|x64.ActiveCfg = Debug|x64
		{569549AA-C4DD-4302-8CD2-312B2C8B081A}.Debug|x64.Build.0 = Debug|x64
		{569549AA-C4DD-4302-8CD2-312B2C8B081A}.Debug|x86.ActiveCfg = Debug|Win32
		{569549AA-C4DD-4302-8CD2-312B2C8B081A}.Debug|x86.Build.0 = Debug|Win32
		{569549AA-C4DD-4302-8CD2-312B2C8B081A}.Release|x64.ActiveCfg = Release|x64
		{569549AA-C4DD-4302-8CD2-312B2C8B081A}.Release|x64.Build.0 = Release|x64
		{569549AA-C4DD-4302-8CD2-312B2C8B081A}.Release|x86.ActiveCfg = Release|Win32
		{569549AA-C4DD-4302-8CD2-312B2C8B081A}.Release|x86.Build.0 = Release|Win32
		{8059CCE8-B48F-4F36-A077-813F017CAF79}.Debug|x64.ActiveCfg = Debug|x64
		{8059CCE8-B48F-4F36-A077-813F017CAF79}.Debug|x64.Build.0 = Debug|x64
		{8059CCE8-B48F-4F36-A077-813F017CAF79}.Debug|x86.ActiveCfg = Debug|Win32
		{8059CCE8-B48F-4F36-A077-813F017CAF79}.Debug|x86.Build.0 = Debug|Win32
		{8059CCE8-B48F-4F36-A077-813F017CAF79}.Release|x64.ActiveCfg = Release|x64
		{8059CCE8-B48F-4F36-A077-813F017CAF79}.Release|x64.Build.0 = Release|x64
		{8059CCE8-B48F-4F36-A077-813F017CAF79}.Release|x86.ActiveCfg = Release|Win32
		{8059CCE8-B48F-4F36-A077-813F017CAF79}.Release|x86.Build.0 = Release|Win32
	EndGlobalSection
	GlobalSection(SolutionProperties) = preSolution
		HideSolutionNode = FALSE
	EndGlobalSection
EndGlobal
